// !$*UTF8*$!
{
	archiveVersion = 1;
	classes = {
	};
	objectVersion = 56;
	objects = {

/* Begin PBXBuildFile section */
		9D5D2B322C04D11900156AF4 /* AppDelegate.swift in Sources */ = {isa = PBXBuildFile; fileRef = 9D5D2B312C04D11900156AF4 /* AppDelegate.swift */; };
		9D5D2B342C04D11900156AF4 /* SceneDelegate.swift in Sources */ = {isa = PBXBuildFile; fileRef = 9D5D2B332C04D11900156AF4 /* SceneDelegate.swift */; };
		9D5D2B362C04D11900156AF4 /* ViewController.swift in Sources */ = {isa = PBXBuildFile; fileRef = 9D5D2B352C04D11900156AF4 /* ViewController.swift */; };
		9D5D2B392C04D11900156AF4 /* Base in Resources */ = {isa = PBXBuildFile; fileRef = 9D5D2B382C04D11900156AF4 /* Base */; };
		9D5D2B3B2C04D11B00156AF4 /* Assets.xcassets in Resources */ = {isa = PBXBuildFile; fileRef = 9D5D2B3A2C04D11B00156AF4 /* Assets.xcassets */; };
		9D5D2B3E2C04D11B00156AF4 /* Base in Resources */ = {isa = PBXBuildFile; fileRef = 9D5D2B3D2C04D11B00156AF4 /* Base */; };
		9D5D2B492C04D11B00156AF4 /* youtubeAppTests.swift in Sources */ = {isa = PBXBuildFile; fileRef = 9D5D2B482C04D11B00156AF4 /* youtubeAppTests.swift */; };
		9D5D2B532C04D11B00156AF4 /* youtubeAppUITests.swift in Sources */ = {isa = PBXBuildFile; fileRef = 9D5D2B522C04D11B00156AF4 /* youtubeAppUITests.swift */; };
		9D5D2B552C04D11B00156AF4 /* youtubeAppUITestsLaunchTests.swift in Sources */ = {isa = PBXBuildFile; fileRef = 9D5D2B542C04D11B00156AF4 /* youtubeAppUITestsLaunchTests.swift */; };
/* End PBXBuildFile section */

/* Begin PBXContainerItemProxy section */
		9D5D2B452C04D11B00156AF4 /* PBXContainerItemProxy */ = {
			isa = PBXContainerItemProxy;
			containerPortal = 9D5D2B262C04D11900156AF4 /* Project object */;
			proxyType = 1;
			remoteGlobalIDString = 9D5D2B2D2C04D11900156AF4;
			remoteInfo = youtubeApp;
		};
		9D5D2B4F2C04D11B00156AF4 /* PBXContainerItemProxy */ = {
			isa = PBXContainerItemProxy;
			containerPortal = 9D5D2B262C04D11900156AF4 /* Project object */;
			proxyType = 1;
			remoteGlobalIDString = 9D5D2B2D2C04D11900156AF4;
			remoteInfo = youtubeApp;
		};
/* End PBXContainerItemProxy section */

/* Begin PBXFileReference section */
		9D5D2B2E2C04D11900156AF4 /* youtubeApp.app */ = {isa = PBXFileReference; explicitFileType = wrapper.application; includeInIndex = 0; path = youtubeApp.app; sourceTree = BUILT_PRODUCTS_DIR; };
		9D5D2B312C04D11900156AF4 /* AppDelegate.swift */ = {isa = PBXFileReference; lastKnownFileType = sourcecode.swift; path = AppDelegate.swift; sourceTree = "<group>"; };
		9D5D2B332C04D11900156AF4 /* SceneDelegate.swift */ = {isa = PBXFileReference; lastKnownFileType = sourcecode.swift; path = SceneDelegate.swift; sourceTree = "<group>"; };
		9D5D2B352C04D11900156AF4 /* ViewController.swift */ = {isa = PBXFileReference; lastKnownFileType = sourcecode.swift; path = ViewController.swift; sourceTree = "<group>"; };
		9D5D2B382C04D11900156AF4 /* Base */ = {isa = PBXFileReference; lastKnownFileType = file.storyboard; name = Base; path = Base.lproj/Main.storyboard; sourceTree = "<group>"; };
		9D5D2B3A2C04D11B00156AF4 /* Assets.xcassets */ = {isa = PBXFileReference; lastKnownFileType = folder.assetcatalog; path = Assets.xcassets; sourceTree = "<group>"; };
		9D5D2B3D2C04D11B00156AF4 /* Base */ = {isa = PBXFileReference; lastKnownFileType = file.storyboard; name = Base; path = Base.lproj/LaunchScreen.storyboard; sourceTree = "<group>"; };
		9D5D2B3F2C04D11B00156AF4 /* Info.plist */ = {isa = PBXFileReference; lastKnownFileType = text.plist.xml; path = Info.plist; sourceTree = "<group>"; };
		9D5D2B442C04D11B00156AF4 /* youtubeAppTests.xctest */ = {isa = PBXFileReference; explicitFileType = wrapper.cfbundle; includeInIndex = 0; path = youtubeAppTests.xctest; sourceTree = BUILT_PRODUCTS_DIR; };
		9D5D2B482C04D11B00156AF4 /* youtubeAppTests.swift */ = {isa = PBXFileReference; lastKnownFileType = sourcecode.swift; path = youtubeAppTests.swift; sourceTree = "<group>"; };
		9D5D2B4E2C04D11B00156AF4 /* youtubeAppUITests.xctest */ = {isa = PBXFileReference; explicitFileType = wrapper.cfbundle; includeInIndex = 0; path = youtubeAppUITests.xctest; sourceTree = BUILT_PRODUCTS_DIR; };
		9D5D2B522C04D11B00156AF4 /* youtubeAppUITests.swift */ = {isa = PBXFileReference; lastKnownFileType = sourcecode.swift; path = youtubeAppUITests.swift; sourceTree = "<group>"; };
		9D5D2B542C04D11B00156AF4 /* youtubeAppUITestsLaunchTests.swift */ = {isa = PBXFileReference; lastKnownFileType = sourcecode.swift; path = youtubeAppUITestsLaunchTests.swift; sourceTree = "<group>"; };
/* End PBXFileReference section */

/* Begin PBXFrameworksBuildPhase section */
		9D5D2B2B2C04D11900156AF4 /* Frameworks */ = {
			isa = PBXFrameworksBuildPhase;
			buildActionMask = 2147483647;
			files = (
			);
			runOnlyForDeploymentPostprocessing = 0;
		};
		9D5D2B412C04D11B00156AF4 /* Frameworks */ = {
			isa = PBXFrameworksBuildPhase;
			buildActionMask = 2147483647;
			files = (
			);
			runOnlyForDeploymentPostprocessing = 0;
		};
		9D5D2B4B2C04D11B00156AF4 /* Frameworks */ = {
			isa = PBXFrameworksBuildPhase;
			buildActionMask = 2147483647;
			files = (
			);
			runOnlyForDeploymentPostprocessing = 0;
		};
/* End PBXFrameworksBuildPhase section */

/* Begin PBXGroup section */
		9D5D2B252C04D11900156AF4 = {
			isa = PBXGroup;
			children = (
				9D5D2B302C04D11900156AF4 /* youtubeApp */,
				9D5D2B472C04D11B00156AF4 /* youtubeAppTests */,
				9D5D2B512C04D11B00156AF4 /* youtubeAppUITests */,
				9D5D2B2F2C04D11900156AF4 /* Products */,
			);
			sourceTree = "<group>";
		};
		9D5D2B2F2C04D11900156AF4 /* Products */ = {
			isa = PBXGroup;
			children = (
				9D5D2B2E2C04D11900156AF4 /* youtubeApp.app */,
				9D5D2B442C04D11B00156AF4 /* youtubeAppTests.xctest */,
				9D5D2B4E2C04D11B00156AF4 /* youtubeAppUITests.xctest */,
			);
			name = Products;
			sourceTree = "<group>";
		};
		9D5D2B302C04D11900156AF4 /* youtubeApp */ = {
			isa = PBXGroup;
			children = (
				9D5D2B312C04D11900156AF4 /* AppDelegate.swift */,
				9D5D2B332C04D11900156AF4 /* SceneDelegate.swift */,
				9D5D2B352C04D11900156AF4 /* ViewController.swift */,
				9D5D2B372C04D11900156AF4 /* Main.storyboard */,
				9D5D2B3A2C04D11B00156AF4 /* Assets.xcassets */,
				9D5D2B3C2C04D11B00156AF4 /* LaunchScreen.storyboard */,
				9D5D2B3F2C04D11B00156AF4 /* Info.plist */,
			);
			path = youtubeApp;
			sourceTree = "<group>";
		};
		9D5D2B472C04D11B00156AF4 /* youtubeAppTests */ = {
			isa = PBXGroup;
			children = (
				9D5D2B482C04D11B00156AF4 /* youtubeAppTests.swift */,
			);
			path = youtubeAppTests;
			sourceTree = "<group>";
		};
		9D5D2B512C04D11B00156AF4 /* youtubeAppUITests */ = {
			isa = PBXGroup;
			children = (
				9D5D2B522C04D11B00156AF4 /* youtubeAppUITests.swift */,
				9D5D2B542C04D11B00156AF4 /* youtubeAppUITestsLaunchTests.swift */,
			);
			path = youtubeAppUITests;
			sourceTree = "<group>";
		};
/* End PBXGroup section */

/* Begin PBXNativeTarget section */
		9D5D2B2D2C04D11900156AF4 /* youtubeApp */ = {
			isa = PBXNativeTarget;
			buildConfigurationList = 9D5D2B582C04D11B00156AF4 /* Build configuration list for PBXNativeTarget "youtubeApp" */;
			buildPhases = (
				9D5D2B2A2C04D11900156AF4 /* Sources */,
				9D5D2B2B2C04D11900156AF4 /* Frameworks */,
				9D5D2B2C2C04D11900156AF4 /* Resources */,
			);
			buildRules = (
			);
			dependencies = (
			);
			name = youtubeApp;
			productName = youtubeApp;
			productReference = 9D5D2B2E2C04D11900156AF4 /* youtubeApp.app */;
			productType = "com.apple.product-type.application";
		};
		9D5D2B432C04D11B00156AF4 /* youtubeAppTests */ = {
			isa = PBXNativeTarget;
			buildConfigurationList = 9D5D2B5B2C04D11B00156AF4 /* Build configuration list for PBXNativeTarget "youtubeAppTests" */;
			buildPhases = (
				9D5D2B402C04D11B00156AF4 /* Sources */,
				9D5D2B412C04D11B00156AF4 /* Frameworks */,
				9D5D2B422C04D11B00156AF4 /* Resources */,
			);
			buildRules = (
			);
			dependencies = (
				9D5D2B462C04D11B00156AF4 /* PBXTargetDependency */,
			);
			name = youtubeAppTests;
			productName = youtubeAppTests;
			productReference = 9D5D2B442C04D11B00156AF4 /* youtubeAppTests.xctest */;
			productType = "com.apple.product-type.bundle.unit-test";
		};
		9D5D2B4D2C04D11B00156AF4 /* youtubeAppUITests */ = {
			isa = PBXNativeTarget;
			buildConfigurationList = 9D5D2B5E2C04D11B00156AF4 /* Build configuration list for PBXNativeTarget "youtubeAppUITests" */;
			buildPhases = (
				9D5D2B4A2C04D11B00156AF4 /* Sources */,
				9D5D2B4B2C04D11B00156AF4 /* Frameworks */,
				9D5D2B4C2C04D11B00156AF4 /* Resources */,
			);
			buildRules = (
			);
			dependencies = (
				9D5D2B502C04D11B00156AF4 /* PBXTargetDependency */,
			);
			name = youtubeAppUITests;
			productName = youtubeAppUITests;
			productReference = 9D5D2B4E2C04D11B00156AF4 /* youtubeAppUITests.xctest */;
			productType = "com.apple.product-type.bundle.ui-testing";
		};
/* End PBXNativeTarget section */

/* Begin PBXProject section */
		9D5D2B262C04D11900156AF4 /* Project object */ = {
			isa = PBXProject;
			attributes = {
				BuildIndependentTargetsInParallel = 1;
				LastSwiftUpdateCheck = 1530;
				LastUpgradeCheck = 1530;
				TargetAttributes = {
					9D5D2B2D2C04D11900156AF4 = {
						CreatedOnToolsVersion = 15.3;
					};
					9D5D2B432C04D11B00156AF4 = {
						CreatedOnToolsVersion = 15.3;
						TestTargetID = 9D5D2B2D2C04D11900156AF4;
					};
					9D5D2B4D2C04D11B00156AF4 = {
						CreatedOnToolsVersion = 15.3;
						TestTargetID = 9D5D2B2D2C04D11900156AF4;
					};
				};
			};
			buildConfigurationList = 9D5D2B292C04D11900156AF4 /* Build configuration list for PBXProject "youtubeApp" */;
			compatibilityVersion = "Xcode 14.0";
			developmentRegion = en;
			hasScannedForEncodings = 0;
			knownRegions = (
				en,
				Base,
			);
			mainGroup = 9D5D2B252C04D11900156AF4;
			productRefGroup = 9D5D2B2F2C04D11900156AF4 /* Products */;
			projectDirPath = "";
			projectRoot = "";
			targets = (
				9D5D2B2D2C04D11900156AF4 /* youtubeApp */,
				9D5D2B432C04D11B00156AF4 /* youtubeAppTests */,
				9D5D2B4D2C04D11B00156AF4 /* youtubeAppUITests */,
			);
		};
/* End PBXProject section */

/* Begin PBXResourcesBuildPhase section */
		9D5D2B2C2C04D11900156AF4 /* Resources */ = {
			isa = PBXResourcesBuildPhase;
			buildActionMask = 2147483647;
			files = (
				9D5D2B3B2C04D11B00156AF4 /* Assets.xcassets in Resources */,
				9D5D2B3E2C04D11B00156AF4 /* Base in Resources */,
				9D5D2B392C04D11900156AF4 /* Base in Resources */,
			);
			runOnlyForDeploymentPostprocessing = 0;
		};
		9D5D2B422C04D11B00156AF4 /* Resources */ = {
			isa = PBXResourcesBuildPhase;
			buildActionMask = 2147483647;
			files = (
			);
			runOnlyForDeploymentPostprocessing = 0;
		};
		9D5D2B4C2C04D11B00156AF4 /* Resources */ = {
			isa = PBXResourcesBuildPhase;
			buildActionMask = 2147483647;
			files = (
			);
			runOnlyForDeploymentPostprocessing = 0;
		};
/* End PBXResourcesBuildPhase section */

/* Begin PBXSourcesBuildPhase section */
		9D5D2B2A2C04D11900156AF4 /* Sources */ = {
			isa = PBXSourcesBuildPhase;
			buildActionMask = 2147483647;
			files = (
				9D5D2B362C04D11900156AF4 /* ViewController.swift in Sources */,
				9D5D2B322C04D11900156AF4 /* AppDelegate.swift in Sources */,
				9D5D2B342C04D11900156AF4 /* SceneDelegate.swift in Sources */,
			);
			runOnlyForDeploymentPostprocessing = 0;
		};
		9D5D2B402C04D11B00156AF4 /* Sources */ = {
			isa = PBXSourcesBuildPhase;
			buildActionMask = 2147483647;
			files = (
				9D5D2B492C04D11B00156AF4 /* youtubeAppTests.swift in Sources */,
			);
			runOnlyForDeploymentPostprocessing = 0;
		};
		9D5D2B4A2C04D11B00156AF4 /* Sources */ = {
			isa = PBXSourcesBuildPhase;
			buildActionMask = 2147483647;
			files = (
				9D5D2B552C04D11B00156AF4 /* youtubeAppUITestsLaunchTests.swift in Sources */,
				9D5D2B532C04D11B00156AF4 /* youtubeAppUITests.swift in Sources */,
			);
			runOnlyForDeploymentPostprocessing = 0;
		};
/* End PBXSourcesBuildPhase section */

/* Begin PBXTargetDependency section */
		9D5D2B462C04D11B00156AF4 /* PBXTargetDependency */ = {
			isa = PBXTargetDependency;
			target = 9D5D2B2D2C04D11900156AF4 /* youtubeApp */;
			targetProxy = 9D5D2B452C04D11B00156AF4 /* PBXContainerItemProxy */;
		};
		9D5D2B502C04D11B00156AF4 /* PBXTargetDependency */ = {
			isa = PBXTargetDependency;
			target = 9D5D2B2D2C04D11900156AF4 /* youtubeApp */;
			targetProxy = 9D5D2B4F2C04D11B00156AF4 /* PBXContainerItemProxy */;
		};
/* End PBXTargetDependency section */

/* Begin PBXVariantGroup section */
		9D5D2B372C04D11900156AF4 /* Main.storyboard */ = {
			isa = PBXVariantGroup;
			children = (
				9D5D2B382C04D11900156AF4 /* Base */,
			);
			name = Main.storyboard;
			sourceTree = "<group>";
		};
		9D5D2B3C2C04D11B00156AF4 /* LaunchScreen.storyboard */ = {
			isa = PBXVariantGroup;
			children = (
				9D5D2B3D2C04D11B00156AF4 /* Base */,
			);
			name = LaunchScreen.storyboard;
			sourceTree = "<group>";
		};
/* End PBXVariantGroup section */

/* Begin XCBuildConfiguration section */
		9D5D2B562C04D11B00156AF4 /* Debug */ = {
			isa = XCBuildConfiguration;
			buildSettings = {
				ALWAYS_SEARCH_USER_PATHS = NO;
				ASSETCATALOG_COMPILER_GENERATE_SWIFT_ASSET_SYMBOL_EXTENSIONS = YES;
				CLANG_ANALYZER_NONNULL = YES;
				CLANG_ANALYZER_NUMBER_OBJECT_CONVERSION = YES_AGGRESSIVE;
				CLANG_CXX_LANGUAGE_STANDARD = "gnu++20";
				CLANG_ENABLE_MODULES = YES;
				CLANG_ENABLE_OBJC_ARC = YES;
				CLANG_ENABLE_OBJC_WEAK = YES;
				CLANG_WARN_BLOCK_CAPTURE_AUTORELEASING = YES;
				CLANG_WARN_BOOL_CONVERSION = YES;
				CLANG_WARN_COMMA = YES;
				CLANG_WARN_CONSTANT_CONVERSION = YES;
				CLANG_WARN_DEPRECATED_OBJC_IMPLEMENTATIONS = YES;
				CLANG_WARN_DIRECT_OBJC_ISA_USAGE = YES_ERROR;
				CLANG_WARN_DOCUMENTATION_COMMENTS = YES;
				CLANG_WARN_EMPTY_BODY = YES;
				CLANG_WARN_ENUM_CONVERSION = YES;
				CLANG_WARN_INFINITE_RECURSION = YES;
				CLANG_WARN_INT_CONVERSION = YES;
				CLANG_WARN_NON_LITERAL_NULL_CONVERSION = YES;
				CLANG_WARN_OBJC_IMPLICIT_RETAIN_SELF = YES;
				CLANG_WARN_OBJC_LITERAL_CONVERSION = YES;
				CLANG_WARN_OBJC_ROOT_CLASS = YES_ERROR;
				CLANG_WARN_QUOTED_INCLUDE_IN_FRAMEWORK_HEADER = YES;
				CLANG_WARN_RANGE_LOOP_ANALYSIS = YES;
				CLANG_WARN_STRICT_PROTOTYPES = YES;
				CLANG_WARN_SUSPICIOUS_MOVE = YES;
				CLANG_WARN_UNGUARDED_AVAILABILITY = YES_AGGRESSIVE;
				CLANG_WARN_UNREACHABLE_CODE = YES;
				CLANG_WARN__DUPLICATE_METHOD_MATCH = YES;
				COPY_PHASE_STRIP = NO;
				DEBUG_INFORMATION_FORMAT = dwarf;
				ENABLE_STRICT_OBJC_MSGSEND = YES;
				ENABLE_TESTABILITY = YES;
				ENABLE_USER_SCRIPT_SANDBOXING = YES;
				GCC_C_LANGUAGE_STANDARD = gnu17;
				GCC_DYNAMIC_NO_PIC = NO;
				GCC_NO_COMMON_BLOCKS = YES;
				GCC_OPTIMIZATION_LEVEL = 0;
				GCC_PREPROCESSOR_DEFINITIONS = (
					"DEBUG=1",
					"$(inherited)",
				);
				GCC_WARN_64_TO_32_BIT_CONVERSION = YES;
				GCC_WARN_ABOUT_RETURN_TYPE = YES_ERROR;
				GCC_WARN_UNDECLARED_SELECTOR = YES;
				GCC_WARN_UNINITIALIZED_AUTOS = YES_AGGRESSIVE;
				GCC_WARN_UNUSED_FUNCTION = YES;
				GCC_WARN_UNUSED_VARIABLE = YES;
				IPHONEOS_DEPLOYMENT_TARGET = 17.4;
				LOCALIZATION_PREFERS_STRING_CATALOGS = YES;
				MTL_ENABLE_DEBUG_INFO = INCLUDE_SOURCE;
				MTL_FAST_MATH = YES;
				ONLY_ACTIVE_ARCH = YES;
				SDKROOT = iphoneos;
				SWIFT_ACTIVE_COMPILATION_CONDITIONS = "DEBUG $(inherited)";
				SWIFT_OPTIMIZATION_LEVEL = "-Onone";
			};
			name = Debug;
		};
		9D5D2B572C04D11B00156AF4 /* Release */ = {
			isa = XCBuildConfiguration;
			buildSettings = {
				ALWAYS_SEARCH_USER_PATHS = NO;
				ASSETCATALOG_COMPILER_GENERATE_SWIFT_ASSET_SYMBOL_EXTENSIONS = YES;
				CLANG_ANALYZER_NONNULL = YES;
				CLANG_ANALYZER_NUMBER_OBJECT_CONVERSION = YES_AGGRESSIVE;
				CLANG_CXX_LANGUAGE_STANDARD = "gnu++20";
				CLANG_ENABLE_MODULES = YES;
				CLANG_ENABLE_OBJC_ARC = YES;
				CLANG_ENABLE_OBJC_WEAK = YES;
				CLANG_WARN_BLOCK_CAPTURE_AUTORELEASING = YES;
				CLANG_WARN_BOOL_CONVERSION = YES;
				CLANG_WARN_COMMA = YES;
				CLANG_WARN_CONSTANT_CONVERSION = YES;
				CLANG_WARN_DEPRECATED_OBJC_IMPLEMENTATIONS = YES;
				CLANG_WARN_DIRECT_OBJC_ISA_USAGE = YES_ERROR;
				CLANG_WARN_DOCUMENTATION_COMMENTS = YES;
				CLANG_WARN_EMPTY_BODY = YES;
				CLANG_WARN_ENUM_CONVERSION = YES;
				CLANG_WARN_INFINITE_RECURSION = YES;
				CLANG_WARN_INT_CONVERSION = YES;
				CLANG_WARN_NON_LITERAL_NULL_CONVERSION = YES;
				CLANG_WARN_OBJC_IMPLICIT_RETAIN_SELF = YES;
				CLANG_WARN_OBJC_LITERAL_CONVERSION = YES;
				CLANG_WARN_OBJC_ROOT_CLASS = YES_ERROR;
				CLANG_WARN_QUOTED_INCLUDE_IN_FRAMEWORK_HEADER = YES;
				CLANG_WARN_RANGE_LOOP_ANALYSIS = YES;
				CLANG_WARN_STRICT_PROTOTYPES = YES;
				CLANG_WARN_SUSPICIOUS_MOVE = YES;
				CLANG_WARN_UNGUARDED_AVAILABILITY = YES_AGGRESSIVE;
				CLANG_WARN_UNREACHABLE_CODE = YES;
				CLANG_WARN__DUPLICATE_METHOD_MATCH = YES;
				COPY_PHASE_STRIP = NO;
				DEBUG_INFORMATION_FORMAT = "dwarf-with-dsym";
				ENABLE_NS_ASSERTIONS = NO;
				ENABLE_STRICT_OBJC_MSGSEND = YES;
				ENABLE_USER_SCRIPT_SANDBOXING = YES;
				GCC_C_LANGUAGE_STANDARD = gnu17;
				GCC_NO_COMMON_BLOCKS = YES;
				GCC_WARN_64_TO_32_BIT_CONVERSION = YES;
				GCC_WARN_ABOUT_RETURN_TYPE = YES_ERROR;
				GCC_WARN_UNDECLARED_SELECTOR = YES;
				GCC_WARN_UNINITIALIZED_AUTOS = YES_AGGRESSIVE;
				GCC_WARN_UNUSED_FUNCTION = YES;
				GCC_WARN_UNUSED_VARIABLE = YES;
				IPHONEOS_DEPLOYMENT_TARGET = 17.4;
				LOCALIZATION_PREFERS_STRING_CATALOGS = YES;
				MTL_ENABLE_DEBUG_INFO = NO;
				MTL_FAST_MATH = YES;
				SDKROOT = iphoneos;
				SWIFT_COMPILATION_MODE = wholemodule;
				VALIDATE_PRODUCT = YES;
			};
			name = Release;
		};
		9D5D2B592C04D11B00156AF4 /* Debug */ = {
			isa = XCBuildConfiguration;
			buildSettings = {
				ASSETCATALOG_COMPILER_APPICON_NAME = AppIcon;
				ASSETCATALOG_COMPILER_GLOBAL_ACCENT_COLOR_NAME = AccentColor;
				CODE_SIGN_STYLE = Automatic;
				CURRENT_PROJECT_VERSION = 1;
				DEVELOPMENT_TEAM = 5PU2SL5AHP;
				GENERATE_INFOPLIST_FILE = YES;
				INFOPLIST_FILE = youtubeApp/Info.plist;
				INFOPLIST_KEY_UIApplicationSupportsIndirectInputEvents = YES;
				INFOPLIST_KEY_UILaunchStoryboardName = LaunchScreen;
				INFOPLIST_KEY_UIMainStoryboardFile = Main;
				INFOPLIST_KEY_UISupportedInterfaceOrientations_iPad = "UIInterfaceOrientationPortrait UIInterfaceOrientationPortraitUpsideDown UIInterfaceOrientationLandscapeLeft UIInterfaceOrientationLandscapeRight";
				INFOPLIST_KEY_UISupportedInterfaceOrientations_iPhone = "UIInterfaceOrientationPortrait UIInterfaceOrientationLandscapeLeft UIInterfaceOrientationLandscapeRight";
				LD_RUNPATH_SEARCH_PATHS = (
					"$(inherited)",
					"@executable_path/Frameworks",
				);
				MARKETING_VERSION = 1.0;
				PRODUCT_BUNDLE_IDENTIFIER = com.swiftlearn.youtubeApp;
				PRODUCT_NAME = "$(TARGET_NAME)";
				SWIFT_EMIT_LOC_STRINGS = YES;
				SWIFT_VERSION = 5.0;
				TARGETED_DEVICE_FAMILY = "1,2";
			};
			name = Debug;
		};
		9D5D2B5A2C04D11B00156AF4 /* Release */ = {
			isa = XCBuildConfiguration;
			buildSettings = {
				ASSETCATALOG_COMPILER_APPICON_NAME = AppIcon;
				ASSETCATALOG_COMPILER_GLOBAL_ACCENT_COLOR_NAME = AccentColor;
				CODE_SIGN_STYLE = Automatic;
				CURRENT_PROJECT_VERSION = 1;
				DEVELOPMENT_TEAM = 5PU2SL5AHP;
				GENERATE_INFOPLIST_FILE = YES;
				INFOPLIST_FILE = youtubeApp/Info.plist;
				INFOPLIST_KEY_UIApplicationSupportsIndirectInputEvents = YES;
				INFOPLIST_KEY_UILaunchStoryboardName = LaunchScreen;
				INFOPLIST_KEY_UIMainStoryboardFile = Main;
				INFOPLIST_KEY_UISupportedInterfaceOrientations_iPad = "UIInterfaceOrientationPortrait UIInterfaceOrientationPortraitUpsideDown UIInterfaceOrientationLandscapeLeft UIInterfaceOrientationLandscapeRight";
				INFOPLIST_KEY_UISupportedInterfaceOrientations_iPhone = "UIInterfaceOrientationPortrait UIInterfaceOrientationLandscapeLeft UIInterfaceOrientationLandscapeRight";
				LD_RUNPATH_SEARCH_PATHS = (
					"$(inherited)",
					"@executable_path/Frameworks",
				);
				MARKETING_VERSION = 1.0;
				PRODUCT_BUNDLE_IDENTIFIER = com.swiftlearn.youtubeApp;
				PRODUCT_NAME = "$(TARGET_NAME)";
				SWIFT_EMIT_LOC_STRINGS = YES;
				SWIFT_VERSION = 5.0;
				TARGETED_DEVICE_FAMILY = "1,2";
			};
			name = Release;
		};
		9D5D2B5C2C04D11B00156AF4 /* Debug */ = {
			isa = XCBuildConfiguration;
			buildSettings = {
				ALWAYS_EMBED_SWIFT_STANDARD_LIBRARIES = YES;
				BUNDLE_LOADER = "$(TEST_HOST)";
				CODE_SIGN_STYLE = Automatic;
				CURRENT_PROJECT_VERSION = 1;
				DEVELOPMENT_TEAM = 5PU2SL5AHP;
				GENERATE_INFOPLIST_FILE = YES;
				IPHONEOS_DEPLOYMENT_TARGET = 17.4;
				MARKETING_VERSION = 1.0;
				PRODUCT_BUNDLE_IDENTIFIER = com.swiftlearn.youtubeAppTests;
				PRODUCT_NAME = "$(TARGET_NAME)";
				SWIFT_EMIT_LOC_STRINGS = NO;
				SWIFT_VERSION = 5.0;
				TARGETED_DEVICE_FAMILY = "1,2";
				TEST_HOST = "$(BUILT_PRODUCTS_DIR)/youtubeApp.app/$(BUNDLE_EXECUTABLE_FOLDER_PATH)/youtubeApp";
			};
			name = Debug;
		};
		9D5D2B5D2C04D11B00156AF4 /* Release */ = {
			isa = XCBuildConfiguration;
			buildSettings = {
				ALWAYS_EMBED_SWIFT_STANDARD_LIBRARIES = YES;
				BUNDLE_LOADER = "$(TEST_HOST)";
				CODE_SIGN_STYLE = Automatic;
				CURRENT_PROJECT_VERSION = 1;
				DEVELOPMENT_TEAM = 5PU2SL5AHP;
				GENERATE_INFOPLIST_FILE = YES;
				IPHONEOS_DEPLOYMENT_TARGET = 17.4;
				MARKETING_VERSION = 1.0;
				PRODUCT_BUNDLE_IDENTIFIER = com.swiftlearn.youtubeAppTests;
				PRODUCT_NAME = "$(TARGET_NAME)";
				SWIFT_EMIT_LOC_STRINGS = NO;
				SWIFT_VERSION = 5.0;
				TARGETED_DEVICE_FAMILY = "1,2";
				TEST_HOST = "$(BUILT_PRODUCTS_DIR)/youtubeApp.app/$(BUNDLE_EXECUTABLE_FOLDER_PATH)/youtubeApp";
			};
			name = Release;
		};
		9D5D2B5F2C04D11B00156AF4 /* Debug */ = {
			isa = XCBuildConfiguration;
			buildSettings = {
				ALWAYS_EMBED_SWIFT_STANDARD_LIBRARIES = YES;
				CODE_SIGN_STYLE = Automatic;
				CURRENT_PROJECT_VERSION = 1;
				DEVELOPMENT_TEAM = 5PU2SL5AHP;
				GENERATE_INFOPLIST_FILE = YES;
				MARKETING_VERSION = 1.0;
				PRODUCT_BUNDLE_IDENTIFIER = com.swiftlearn.youtubeAppUITests;
				PRODUCT_NAME = "$(TARGET_NAME)";
				SWIFT_EMIT_LOC_STRINGS = NO;
				SWIFT_VERSION = 5.0;
				TARGETED_DEVICE_FAMILY = "1,2";
				TEST_TARGET_NAME = youtubeApp;
			};
			name = Debug;
		};
		9D5D2B602C04D11B00156AF4 /* Release */ = {
			isa = XCBuildConfiguration;
			buildSettings = {
				ALWAYS_EMBED_SWIFT_STANDARD_LIBRARIES = YES;
				CODE_SIGN_STYLE = Automatic;
				CURRENT_PROJECT_VERSION = 1;
				DEVELOPMENT_TEAM = 5PU2SL5AHP;
				GENERATE_INFOPLIST_FILE = YES;
				MARKETING_VERSION = 1.0;
				PRODUCT_BUNDLE_IDENTIFIER = com.swiftlearn.youtubeAppUITests;
				PRODUCT_NAME = "$(TARGET_NAME)";
				SWIFT_EMIT_LOC_STRINGS = NO;
				SWIFT_VERSION = 5.0;
				TARGETED_DEVICE_FAMILY = "1,2";
				TEST_TARGET_NAME = youtubeApp;
			};
			name = Release;
		};
/* End XCBuildConfiguration section */

/* Begin XCConfigurationList section */
		9D5D2B292C04D11900156AF4 /* Build configuration list for PBXProject "youtubeApp" */ = {
			isa = XCConfigurationList;
			buildConfigurations = (
				9D5D2B562C04D11B00156AF4 /* Debug */,
				9D5D2B572C04D11B00156AF4 /* Release */,
			);
			defaultConfigurationIsVisible = 0;
			defaultConfigurationName = Release;
		};
		9D5D2B582C04D11B00156AF4 /* Build configuration list for PBXNativeTarget "youtubeApp" */ = {
			isa = XCConfigurationList;
			buildConfigurations = (
				9D5D2B592C04D11B00156AF4 /* Debug */,
				9D5D2B5A2C04D11B00156AF4 /* Release */,
			);
			defaultConfigurationIsVisible = 0;
			defaultConfigurationName = Release;
		};
		9D5D2B5B2C04D11B00156AF4 /* Build configuration list for PBXNativeTarget "youtubeAppTests" */ = {
			isa = XCConfigurationList;
			buildConfigurations = (
				9D5D2B5C2C04D11B00156AF4 /* Debug */,
				9D5D2B5D2C04D11B00156AF4 /* Release */,
			);
			defaultConfigurationIsVisible = 0;
			defaultConfigurationName = Release;
		};
		9D5D2B5E2C04D11B00156AF4 /* Build configuration list for PBXNativeTarget "youtubeAppUITests" */ = {
			isa = XCConfigurationList;
			buildConfigurations = (
				9D5D2B5F2C04D11B00156AF4 /* Debug */,
				9D5D2B602C04D11B00156AF4 /* Release */,
			);
			defaultConfigurationIsVisible = 0;
			defaultConfigurationName = Release;
		};
/* End XCConfigurationList section */
	};
	rootObject = 9D5D2B262C04D11900156AF4 /* Project object */;
}
